PODS:
  - newton-commander-quark (0.1.12)

DEPENDENCIES:
  - newton-commander-quark (from `../newton-commander-quark.podspec`)

EXTERNAL SOURCES:
  newton-commander-quark:
    :path: ../newton-commander-quark.podspec

SPEC CHECKSUMS:
  newton-commander-quark: 363f819b0a96e60dde8ff2abec7f60771c847b02

COCOAPODS: 0.29.0
