PODS:
  - newton-commander-quark (0.1.16)

DEPENDENCIES:
  - newton-commander-quark (from `../newton-commander-quark.podspec`)

EXTERNAL SOURCES:
  newton-commander-quark:
    :path: ../newton-commander-quark.podspec

SPEC CHECKSUMS:
  newton-commander-quark: c63341c774446e37d1bc9029824e6db3adc11b4e

COCOAPODS: 0.29.0
