PODS:
  - newton-commander-quark (0.1.13)

DEPENDENCIES:
  - newton-commander-quark (from `../newton-commander-quark.podspec`)

EXTERNAL SOURCES:
  newton-commander-quark:
    :path: ../newton-commander-quark.podspec

SPEC CHECKSUMS:
  newton-commander-quark: 54d10ca52b482d93a623309e9a9dbfc24c01146a

COCOAPODS: 0.29.0
