// !$*UTF8*$!
{
	archiveVersion = 1;
	classes = {
	};
	objectVersion = 46;
	objects = {

/* Begin PBXBuildFile section */
		42120DBE186F17C800191CFC /* InfoPlist.strings in Resources */ = {isa = PBXBuildFile; fileRef = 42120DBC186F17C800191CFC /* InfoPlist.strings */; };
		4224BD9F1877C6D40079B37E /* XCTest.framework in Frameworks */ = {isa = PBXBuildFile; fileRef = 4235F9C018757BE500F7B45D /* XCTest.framework */; };
		4235F99A1875730D00F7B45D /* NCFileItemFileItemsForPathTests.m in Sources */ = {isa = PBXBuildFile; fileRef = 4235F9971875730D00F7B45D /* NCFileItemFileItemsForPathTests.m */; };
		4235F99B1875730D00F7B45D /* NCFileManagerTests.m in Sources */ = {isa = PBXBuildFile; fileRef = 4235F9991875730D00F7B45D /* NCFileManagerTests.m */; };
		4235F9A218757BE500F7B45D /* Cocoa.framework in Frameworks */ = {isa = PBXBuildFile; fileRef = 4235F9A118757BE500F7B45D /* Cocoa.framework */; };
		4235F9AC18757BE500F7B45D /* InfoPlist.strings in Resources */ = {isa = PBXBuildFile; fileRef = 4235F9AA18757BE500F7B45D /* InfoPlist.strings */; };
		4235F9AE18757BE500F7B45D /* main.m in Sources */ = {isa = PBXBuildFile; fileRef = 4235F9AD18757BE500F7B45D /* main.m */; };
		4235F9B218757BE500F7B45D /* Credits.rtf in Resources */ = {isa = PBXBuildFile; fileRef = 4235F9B018757BE500F7B45D /* Credits.rtf */; };
		4235F9B518757BE500F7B45D /* AppDelegate.m in Sources */ = {isa = PBXBuildFile; fileRef = 4235F9B418757BE500F7B45D /* AppDelegate.m */; };
		4235F9B818757BE500F7B45D /* MainMenu.xib in Resources */ = {isa = PBXBuildFile; fileRef = 4235F9B618757BE500F7B45D /* MainMenu.xib */; };
		4235F9BA18757BE500F7B45D /* Images.xcassets in Resources */ = {isa = PBXBuildFile; fileRef = 4235F9B918757BE500F7B45D /* Images.xcassets */; };
		924A7A47712C4F2FADB0BDBD /* libPods-Demo.a in Frameworks */ = {isa = PBXBuildFile; fileRef = 36A6895B439F4EF4A1B9C952 /* libPods-Demo.a */; };
		B603D05BBE674C6F9E47AB35 /* libPods-Tests.a in Frameworks */ = {isa = PBXBuildFile; fileRef = EAFBEB6926A84DF58F8F733B /* libPods-Tests.a */; };
/* End PBXBuildFile section */

/* Begin PBXFileReference section */
		2E3982EF5EA749E0B6D88D38 /* Pods-Demo.xcconfig */ = {isa = PBXFileReference; includeInIndex = 1; lastKnownFileType = text.xcconfig; name = "Pods-Demo.xcconfig"; path = "Pods/Pods-Demo.xcconfig"; sourceTree = "<group>"; };
		36A6895B439F4EF4A1B9C952 /* libPods-Demo.a */ = {isa = PBXFileReference; explicitFileType = archive.ar; includeInIndex = 0; path = "libPods-Demo.a"; sourceTree = BUILT_PRODUCTS_DIR; };
		421079D611F11407001372D8 /* Foundation.framework */ = {isa = PBXFileReference; lastKnownFileType = wrapper.framework; name = Foundation.framework; path = System/Library/Frameworks/Foundation.framework; sourceTree = SDKROOT; };
		42120DB6186F17C800191CFC /* Tests.xctest */ = {isa = PBXFileReference; explicitFileType = wrapper.cfbundle; includeInIndex = 0; path = Tests.xctest; sourceTree = BUILT_PRODUCTS_DIR; };
		42120DBB186F17C800191CFC /* Tests-Info.plist */ = {isa = PBXFileReference; lastKnownFileType = text.plist.xml; path = "Tests-Info.plist"; sourceTree = "<group>"; };
		42120DBD186F17C800191CFC /* en */ = {isa = PBXFileReference; lastKnownFileType = text.plist.strings; name = en; path = en.lproj/InfoPlist.strings; sourceTree = "<group>"; };
		42120DC1186F17C800191CFC /* Tests-Prefix.pch */ = {isa = PBXFileReference; lastKnownFileType = sourcecode.c.h; path = "Tests-Prefix.pch"; sourceTree = "<group>"; };
		4235F9971875730D00F7B45D /* NCFileItemFileItemsForPathTests.m */ = {isa = PBXFileReference; fileEncoding = 4; lastKnownFileType = sourcecode.c.objc; path = NCFileItemFileItemsForPathTests.m; sourceTree = "<group>"; };
		4235F9991875730D00F7B45D /* NCFileManagerTests.m */ = {isa = PBXFileReference; fileEncoding = 4; lastKnownFileType = sourcecode.c.objc; path = NCFileManagerTests.m; sourceTree = "<group>"; };
		4235F9A018757BE500F7B45D /* Demo.app */ = {isa = PBXFileReference; explicitFileType = wrapper.application; includeInIndex = 0; path = Demo.app; sourceTree = BUILT_PRODUCTS_DIR; };
		4235F9A118757BE500F7B45D /* Cocoa.framework */ = {isa = PBXFileReference; lastKnownFileType = wrapper.framework; name = Cocoa.framework; path = System/Library/Frameworks/Cocoa.framework; sourceTree = SDKROOT; };
		4235F9A418757BE500F7B45D /* AppKit.framework */ = {isa = PBXFileReference; lastKnownFileType = wrapper.framework; name = AppKit.framework; path = System/Library/Frameworks/AppKit.framework; sourceTree = SDKROOT; };
		4235F9A518757BE500F7B45D /* CoreData.framework */ = {isa = PBXFileReference; lastKnownFileType = wrapper.framework; name = CoreData.framework; path = System/Library/Frameworks/CoreData.framework; sourceTree = SDKROOT; };
		4235F9A618757BE500F7B45D /* Foundation.framework */ = {isa = PBXFileReference; lastKnownFileType = wrapper.framework; name = Foundation.framework; path = System/Library/Frameworks/Foundation.framework; sourceTree = SDKROOT; };
		4235F9A918757BE500F7B45D /* Demo-Info.plist */ = {isa = PBXFileReference; lastKnownFileType = text.plist.xml; path = "Demo-Info.plist"; sourceTree = "<group>"; };
		4235F9AB18757BE500F7B45D /* en */ = {isa = PBXFileReference; lastKnownFileType = text.plist.strings; name = en; path = en.lproj/InfoPlist.strings; sourceTree = "<group>"; };
		4235F9AD18757BE500F7B45D /* main.m */ = {isa = PBXFileReference; lastKnownFileType = sourcecode.c.objc; path = main.m; sourceTree = "<group>"; };
		4235F9AF18757BE500F7B45D /* Demo-Prefix.pch */ = {isa = PBXFileReference; lastKnownFileType = sourcecode.c.h; path = "Demo-Prefix.pch"; sourceTree = "<group>"; };
		4235F9B118757BE500F7B45D /* en */ = {isa = PBXFileReference; lastKnownFileType = text.rtf; name = en; path = en.lproj/Credits.rtf; sourceTree = "<group>"; };
		4235F9B318757BE500F7B45D /* AppDelegate.h */ = {isa = PBXFileReference; lastKnownFileType = sourcecode.c.h; path = AppDelegate.h; sourceTree = "<group>"; };
		4235F9B418757BE500F7B45D /* AppDelegate.m */ = {isa = PBXFileReference; lastKnownFileType = sourcecode.c.objc; path = AppDelegate.m; sourceTree = "<group>"; };
		4235F9B718757BE500F7B45D /* Base */ = {isa = PBXFileReference; lastKnownFileType = file.xib; name = Base; path = Base.lproj/MainMenu.xib; sourceTree = "<group>"; };
		4235F9B918757BE500F7B45D /* Images.xcassets */ = {isa = PBXFileReference; lastKnownFileType = folder.assetcatalog; path = Images.xcassets; sourceTree = "<group>"; };
		4235F9C018757BE500F7B45D /* XCTest.framework */ = {isa = PBXFileReference; lastKnownFileType = wrapper.framework; name = XCTest.framework; path = Library/Frameworks/XCTest.framework; sourceTree = DEVELOPER_DIR; };
		D959B69FC7C442C5B21A5B74 /* libPods-OldTests.a */ = {isa = PBXFileReference; explicitFileType = archive.ar; includeInIndex = 0; path = "libPods-OldTests.a"; sourceTree = BUILT_PRODUCTS_DIR; };
		E1E717CE7DA846118814C596 /* Pods-OldTests.xcconfig */ = {isa = PBXFileReference; includeInIndex = 1; lastKnownFileType = text.xcconfig; name = "Pods-OldTests.xcconfig"; path = "Pods/Pods-OldTests.xcconfig"; sourceTree = "<group>"; };
		EAFBEB6926A84DF58F8F733B /* libPods-Tests.a */ = {isa = PBXFileReference; explicitFileType = archive.ar; includeInIndex = 0; path = "libPods-Tests.a"; sourceTree = BUILT_PRODUCTS_DIR; };
		F7CFE7C959774EA0AE1486E5 /* Pods-Tests.xcconfig */ = {isa = PBXFileReference; includeInIndex = 1; lastKnownFileType = text.xcconfig; name = "Pods-Tests.xcconfig"; path = "Pods/Pods-Tests.xcconfig"; sourceTree = "<group>"; };
/* End PBXFileReference section */

/* Begin PBXFrameworksBuildPhase section */
		42120DB3186F17C800191CFC /* Frameworks */ = {
			isa = PBXFrameworksBuildPhase;
			buildActionMask = 2147483647;
			files = (
				4224BD9F1877C6D40079B37E /* XCTest.framework in Frameworks */,
				B603D05BBE674C6F9E47AB35 /* libPods-Tests.a in Frameworks */,
			);
			runOnlyForDeploymentPostprocessing = 0;
		};
		4235F99D18757BE500F7B45D /* Frameworks */ = {
			isa = PBXFrameworksBuildPhase;
			buildActionMask = 2147483647;
			files = (
				4235F9A218757BE500F7B45D /* Cocoa.framework in Frameworks */,
				924A7A47712C4F2FADB0BDBD /* libPods-Demo.a in Frameworks */,
			);
			runOnlyForDeploymentPostprocessing = 0;
		};
/* End PBXFrameworksBuildPhase section */

/* Begin PBXGroup section */
		034768DFFF38A50411DB9C8B /* Products */ = {
			isa = PBXGroup;
			children = (
				42120DB6186F17C800191CFC /* Tests.xctest */,
				4235F9A018757BE500F7B45D /* Demo.app */,
			);
			name = Products;
			sourceTree = "<group>";
		};
		0867D691FE84028FC02AAC07 /* SharedCode Core+Worker */ = {
			isa = PBXGroup;
			children = (
				4235F9A718757BE500F7B45D /* Demo */,
				42120DB9186F17C800191CFC /* Tests */,
				0867D69AFE84028FC02AAC07 /* Frameworks */,
				034768DFFF38A50411DB9C8B /* Products */,
				2E3982EF5EA749E0B6D88D38 /* Pods-Demo.xcconfig */,
				E1E717CE7DA846118814C596 /* Pods-OldTests.xcconfig */,
				F7CFE7C959774EA0AE1486E5 /* Pods-Tests.xcconfig */,
			);
			name = "SharedCode Core+Worker";
			sourceTree = "<group>";
		};
		0867D69AFE84028FC02AAC07 /* Frameworks */ = {
			isa = PBXGroup;
			children = (
				421079D611F11407001372D8 /* Foundation.framework */,
				4235F9A118757BE500F7B45D /* Cocoa.framework */,
				4235F9C018757BE500F7B45D /* XCTest.framework */,
				4235F9A318757BE500F7B45D /* Other Frameworks */,
				36A6895B439F4EF4A1B9C952 /* libPods-Demo.a */,
				D959B69FC7C442C5B21A5B74 /* libPods-OldTests.a */,
				EAFBEB6926A84DF58F8F733B /* libPods-Tests.a */,
			);
			name = Frameworks;
			sourceTree = "<group>";
		};
		42120DB9186F17C800191CFC /* Tests */ = {
			isa = PBXGroup;
			children = (
				4235F9971875730D00F7B45D /* NCFileItemFileItemsForPathTests.m */,
				4235F9991875730D00F7B45D /* NCFileManagerTests.m */,
				42120DBA186F17C800191CFC /* Supporting Files */,
			);
			path = Tests;
			sourceTree = "<group>";
		};
		42120DBA186F17C800191CFC /* Supporting Files */ = {
			isa = PBXGroup;
			children = (
				42120DBB186F17C800191CFC /* Tests-Info.plist */,
				42120DBC186F17C800191CFC /* InfoPlist.strings */,
				42120DC1186F17C800191CFC /* Tests-Prefix.pch */,
			);
			name = "Supporting Files";
			sourceTree = "<group>";
		};
		4235F9A318757BE500F7B45D /* Other Frameworks */ = {
			isa = PBXGroup;
			children = (
				4235F9A418757BE500F7B45D /* AppKit.framework */,
				4235F9A518757BE500F7B45D /* CoreData.framework */,
				4235F9A618757BE500F7B45D /* Foundation.framework */,
			);
			name = "Other Frameworks";
			sourceTree = "<group>";
		};
		4235F9A718757BE500F7B45D /* Demo */ = {
			isa = PBXGroup;
			children = (
				4235F9B318757BE500F7B45D /* AppDelegate.h */,
				4235F9B418757BE500F7B45D /* AppDelegate.m */,
				4235F9B618757BE500F7B45D /* MainMenu.xib */,
				4235F9B918757BE500F7B45D /* Images.xcassets */,
				4235F9A818757BE500F7B45D /* Supporting Files */,
			);
			path = Demo;
			sourceTree = "<group>";
		};
		4235F9A818757BE500F7B45D /* Supporting Files */ = {
			isa = PBXGroup;
			children = (
				4235F9A918757BE500F7B45D /* Demo-Info.plist */,
				4235F9AA18757BE500F7B45D /* InfoPlist.strings */,
				4235F9AD18757BE500F7B45D /* main.m */,
				4235F9AF18757BE500F7B45D /* Demo-Prefix.pch */,
				4235F9B018757BE500F7B45D /* Credits.rtf */,
			);
			name = "Supporting Files";
			sourceTree = "<group>";
		};
/* End PBXGroup section */

/* Begin PBXNativeTarget section */
		42120DB5186F17C800191CFC /* Tests */ = {
			isa = PBXNativeTarget;
			buildConfigurationList = 42120DC6186F17C800191CFC /* Build configuration list for PBXNativeTarget "Tests" */;
			buildPhases = (
				85C1A18CF43B4A7CA751C51B /* Check Pods Manifest.lock */,
				42120DB2186F17C800191CFC /* Sources */,
				42120DB3186F17C800191CFC /* Frameworks */,
				42120DB4186F17C800191CFC /* Resources */,
				FA65BE9301D348799A43B012 /* Copy Pods Resources */,
			);
			buildRules = (
			);
			dependencies = (
			);
			name = Tests;
			productName = OldTests;
			productReference = 42120DB6186F17C800191CFC /* Tests.xctest */;
			productType = "com.apple.product-type.bundle.unit-test";
		};
		4235F99F18757BE500F7B45D /* Demo */ = {
			isa = PBXNativeTarget;
			buildConfigurationList = 4235F9CD18757BE500F7B45D /* Build configuration list for PBXNativeTarget "Demo" */;
			buildPhases = (
				33DE9B374A434D7A900E5162 /* Check Pods Manifest.lock */,
				4235F99C18757BE500F7B45D /* Sources */,
				4235F99D18757BE500F7B45D /* Frameworks */,
				4235F99E18757BE500F7B45D /* Resources */,
				0289A5DC92F543E7B7C45DF9 /* Copy Pods Resources */,
			);
			buildRules = (
			);
			dependencies = (
			);
			name = Demo;
			productName = Demo;
			productReference = 4235F9A018757BE500F7B45D /* Demo.app */;
			productType = "com.apple.product-type.application";
		};
/* End PBXNativeTarget section */

/* Begin PBXProject section */
		0867D690FE84028FC02AAC07 /* Project object */ = {
			isa = PBXProject;
			attributes = {
				LastUpgradeCheck = 0500;
				TargetAttributes = {
					42120DB5186F17C800191CFC = {
						TestTargetID = D2AAC07D0554694100DB518D;
					};
				};
			};
			buildConfigurationList = 1DEB922208733DC00010E9CD /* Build configuration list for PBXProject "NewtonCommanderQuark" */;
			compatibilityVersion = "Xcode 3.2";
			developmentRegion = English;
			hasScannedForEncodings = 1;
			knownRegions = (
				English,
				Japanese,
				French,
				German,
				en,
				Base,
			);
			mainGroup = 0867D691FE84028FC02AAC07 /* SharedCode Core+Worker */;
			productRefGroup = 034768DFFF38A50411DB9C8B /* Products */;
			projectDirPath = "";
			projectRoot = "";
			targets = (
				4235F99F18757BE500F7B45D /* Demo */,
				42120DB5186F17C800191CFC /* Tests */,
			);
		};
/* End PBXProject section */

/* Begin PBXResourcesBuildPhase section */
		42120DB4186F17C800191CFC /* Resources */ = {
			isa = PBXResourcesBuildPhase;
			buildActionMask = 2147483647;
			files = (
				42120DBE186F17C800191CFC /* InfoPlist.strings in Resources */,
			);
			runOnlyForDeploymentPostprocessing = 0;
		};
		4235F99E18757BE500F7B45D /* Resources */ = {
			isa = PBXResourcesBuildPhase;
			buildActionMask = 2147483647;
			files = (
				4235F9AC18757BE500F7B45D /* InfoPlist.strings in Resources */,
				4235F9BA18757BE500F7B45D /* Images.xcassets in Resources */,
				4235F9B218757BE500F7B45D /* Credits.rtf in Resources */,
				4235F9B818757BE500F7B45D /* MainMenu.xib in Resources */,
			);
			runOnlyForDeploymentPostprocessing = 0;
		};
/* End PBXResourcesBuildPhase section */

/* Begin PBXShellScriptBuildPhase section */
		0289A5DC92F543E7B7C45DF9 /* Copy Pods Resources */ = {
			isa = PBXShellScriptBuildPhase;
			buildActionMask = 2147483647;
			files = (
			);
			inputPaths = (
			);
			name = "Copy Pods Resources";
			outputPaths = (
			);
			runOnlyForDeploymentPostprocessing = 0;
			shellPath = /bin/sh;
			shellScript = "\"${SRCROOT}/Pods/Pods-Demo-resources.sh\"\n";
			showEnvVarsInLog = 0;
		};
		33DE9B374A434D7A900E5162 /* Check Pods Manifest.lock */ = {
			isa = PBXShellScriptBuildPhase;
			buildActionMask = 2147483647;
			files = (
			);
			inputPaths = (
			);
			name = "Check Pods Manifest.lock";
			outputPaths = (
			);
			runOnlyForDeploymentPostprocessing = 0;
			shellPath = /bin/sh;
			shellScript = "diff \"${PODS_ROOT}/../Podfile.lock\" \"${PODS_ROOT}/Manifest.lock\" > /dev/null\nif [[ $? != 0 ]] ; then\n    cat << EOM\nerror: The sandbox is not in sync with the Podfile.lock. Run 'pod install' or update your CocoaPods installation.\nEOM\n    exit 1\nfi\n";
			showEnvVarsInLog = 0;
		};
		85C1A18CF43B4A7CA751C51B /* Check Pods Manifest.lock */ = {
			isa = PBXShellScriptBuildPhase;
			buildActionMask = 2147483647;
			files = (
			);
			inputPaths = (
			);
			name = "Check Pods Manifest.lock";
			outputPaths = (
			);
			runOnlyForDeploymentPostprocessing = 0;
			shellPath = /bin/sh;
			shellScript = "diff \"${PODS_ROOT}/../Podfile.lock\" \"${PODS_ROOT}/Manifest.lock\" > /dev/null\nif [[ $? != 0 ]] ; then\n    cat << EOM\nerror: The sandbox is not in sync with the Podfile.lock. Run 'pod install' or update your CocoaPods installation.\nEOM\n    exit 1\nfi\n";
			showEnvVarsInLog = 0;
		};
		FA65BE9301D348799A43B012 /* Copy Pods Resources */ = {
			isa = PBXShellScriptBuildPhase;
			buildActionMask = 2147483647;
			files = (
			);
			inputPaths = (
			);
			name = "Copy Pods Resources";
			outputPaths = (
			);
			runOnlyForDeploymentPostprocessing = 0;
			shellPath = /bin/sh;
			shellScript = "\"${SRCROOT}/Pods/Pods-Tests-resources.sh\"\n";
			showEnvVarsInLog = 0;
		};
/* End PBXShellScriptBuildPhase section */

/* Begin PBXSourcesBuildPhase section */
		42120DB2186F17C800191CFC /* Sources */ = {
			isa = PBXSourcesBuildPhase;
			buildActionMask = 2147483647;
			files = (
				4235F99B1875730D00F7B45D /* NCFileManagerTests.m in Sources */,
				4235F99A1875730D00F7B45D /* NCFileItemFileItemsForPathTests.m in Sources */,
			);
			runOnlyForDeploymentPostprocessing = 0;
		};
		4235F99C18757BE500F7B45D /* Sources */ = {
			isa = PBXSourcesBuildPhase;
			buildActionMask = 2147483647;
			files = (
				4235F9B518757BE500F7B45D /* AppDelegate.m in Sources */,
				4235F9AE18757BE500F7B45D /* main.m in Sources */,
			);
			runOnlyForDeploymentPostprocessing = 0;
		};
/* End PBXSourcesBuildPhase section */

/* Begin PBXVariantGroup section */
		42120DBC186F17C800191CFC /* InfoPlist.strings */ = {
			isa = PBXVariantGroup;
			children = (
				42120DBD186F17C800191CFC /* en */,
			);
			name = InfoPlist.strings;
			sourceTree = "<group>";
		};
		4235F9AA18757BE500F7B45D /* InfoPlist.strings */ = {
			isa = PBXVariantGroup;
			children = (
				4235F9AB18757BE500F7B45D /* en */,
			);
			name = InfoPlist.strings;
			sourceTree = "<group>";
		};
		4235F9B018757BE500F7B45D /* Credits.rtf */ = {
			isa = PBXVariantGroup;
			children = (
				4235F9B118757BE500F7B45D /* en */,
			);
			name = Credits.rtf;
			sourceTree = "<group>";
		};
		4235F9B618757BE500F7B45D /* MainMenu.xib */ = {
			isa = PBXVariantGroup;
			children = (
				4235F9B718757BE500F7B45D /* Base */,
			);
			name = MainMenu.xib;
			sourceTree = "<group>";
		};
/* End PBXVariantGroup section */

/* Begin XCBuildConfiguration section */
		1DEB922308733DC00010E9CD /* Debug */ = {
			isa = XCBuildConfiguration;
			buildSettings = {
				GCC_C_LANGUAGE_STANDARD = gnu99;
				GCC_OPTIMIZATION_LEVEL = 0;
				GCC_WARN_ABOUT_RETURN_TYPE = YES;
				GCC_WARN_UNUSED_VARIABLE = YES;
				ONLY_ACTIVE_ARCH = YES;
				SDKROOT = macosx;
			};
			name = Debug;
		};
		1DEB922408733DC00010E9CD /* Release */ = {
			isa = XCBuildConfiguration;
			buildSettings = {
				GCC_C_LANGUAGE_STANDARD = gnu99;
				GCC_WARN_ABOUT_RETURN_TYPE = YES;
				GCC_WARN_UNUSED_VARIABLE = YES;
				SDKROOT = macosx;
			};
			name = Release;
		};
		42120DC4186F17C800191CFC /* Debug */ = {
			isa = XCBuildConfiguration;
			baseConfigurationReference = F7CFE7C959774EA0AE1486E5 /* Pods-Tests.xcconfig */;
			buildSettings = {
				ALWAYS_SEARCH_USER_PATHS = YES;
				CLANG_CXX_LANGUAGE_STANDARD = "gnu++0x";
				CLANG_CXX_LIBRARY = "libc++";
				CLANG_ENABLE_OBJC_ARC = YES;
				CLANG_WARN_BOOL_CONVERSION = YES;
				CLANG_WARN_CONSTANT_CONVERSION = YES;
				CLANG_WARN_DIRECT_OBJC_ISA_USAGE = YES_ERROR;
				CLANG_WARN_EMPTY_BODY = YES;
				CLANG_WARN_ENUM_CONVERSION = YES;
				CLANG_WARN_INT_CONVERSION = YES;
				CLANG_WARN_OBJC_ROOT_CLASS = YES_ERROR;
				CLANG_WARN__DUPLICATE_METHOD_MATCH = YES;
				COMBINE_HIDPI_IMAGES = YES;
				COPY_PHASE_STRIP = NO;
				FRAMEWORK_SEARCH_PATHS = (
					"$(DEVELOPER_FRAMEWORKS_DIR)",
					"$(inherited)",
				);
				GCC_DYNAMIC_NO_PIC = NO;
				GCC_ENABLE_OBJC_EXCEPTIONS = YES;
				GCC_PRECOMPILE_PREFIX_HEADER = YES;
				GCC_PREFIX_HEADER = "Tests/Tests-Prefix.pch";
				GCC_PREPROCESSOR_DEFINITIONS = (
					"DEBUG=1",
					"$(inherited)",
				);
				GCC_SYMBOLS_PRIVATE_EXTERN = NO;
				GCC_WARN_64_TO_32_BIT_CONVERSION = YES;
				GCC_WARN_ABOUT_RETURN_TYPE = YES_ERROR;
				GCC_WARN_UNDECLARED_SELECTOR = YES;
				GCC_WARN_UNINITIALIZED_AUTOS = YES;
				GCC_WARN_UNUSED_FUNCTION = YES;
				HEADER_SEARCH_PATHS = (
					"$(SRCROOT)/**",
					"$(inherited)",
					/Applications/Xcode.app/Contents/Developer/Toolchains/XcodeDefault.xctoolchain/usr/include,
				);
				INFOPLIST_FILE = "Tests/Tests-Info.plist";
				MACOSX_DEPLOYMENT_TARGET = 10.9;
				PRODUCT_NAME = "$(TARGET_NAME)";
			};
			name = Debug;
		};
		42120DC5186F17C800191CFC /* Release */ = {
			isa = XCBuildConfiguration;
			baseConfigurationReference = F7CFE7C959774EA0AE1486E5 /* Pods-Tests.xcconfig */;
			buildSettings = {
				ALWAYS_SEARCH_USER_PATHS = YES;
				CLANG_CXX_LANGUAGE_STANDARD = "gnu++0x";
				CLANG_CXX_LIBRARY = "libc++";
				CLANG_ENABLE_OBJC_ARC = YES;
				CLANG_WARN_BOOL_CONVERSION = YES;
				CLANG_WARN_CONSTANT_CONVERSION = YES;
				CLANG_WARN_DIRECT_OBJC_ISA_USAGE = YES_ERROR;
				CLANG_WARN_EMPTY_BODY = YES;
				CLANG_WARN_ENUM_CONVERSION = YES;
				CLANG_WARN_INT_CONVERSION = YES;
				CLANG_WARN_OBJC_ROOT_CLASS = YES_ERROR;
				CLANG_WARN__DUPLICATE_METHOD_MATCH = YES;
				COMBINE_HIDPI_IMAGES = YES;
				COPY_PHASE_STRIP = YES;
				DEBUG_INFORMATION_FORMAT = "dwarf-with-dsym";
				ENABLE_NS_ASSERTIONS = NO;
				FRAMEWORK_SEARCH_PATHS = (
					"$(DEVELOPER_FRAMEWORKS_DIR)",
					"$(inherited)",
				);
				GCC_ENABLE_OBJC_EXCEPTIONS = YES;
				GCC_PRECOMPILE_PREFIX_HEADER = YES;
				GCC_PREFIX_HEADER = "Tests/Tests-Prefix.pch";
				GCC_WARN_64_TO_32_BIT_CONVERSION = YES;
				GCC_WARN_ABOUT_RETURN_TYPE = YES_ERROR;
				GCC_WARN_UNDECLARED_SELECTOR = YES;
				GCC_WARN_UNINITIALIZED_AUTOS = YES;
				GCC_WARN_UNUSED_FUNCTION = YES;
				HEADER_SEARCH_PATHS = (
					"$(SRCROOT)/**",
					"$(inherited)",
					/Applications/Xcode.app/Contents/Developer/Toolchains/XcodeDefault.xctoolchain/usr/include,
				);
				INFOPLIST_FILE = "Tests/Tests-Info.plist";
				MACOSX_DEPLOYMENT_TARGET = 10.9;
				PRODUCT_NAME = "$(TARGET_NAME)";
			};
			name = Release;
		};
		4235F9CE18757BE500F7B45D /* Debug */ = {
			isa = XCBuildConfiguration;
			baseConfigurationReference = 2E3982EF5EA749E0B6D88D38 /* Pods-Demo.xcconfig */;
			buildSettings = {
				ALWAYS_SEARCH_USER_PATHS = NO;
				ASSETCATALOG_COMPILER_APPICON_NAME = AppIcon;
				CLANG_CXX_LANGUAGE_STANDARD = "gnu++0x";
				CLANG_CXX_LIBRARY = "libc++";
				CLANG_ENABLE_OBJC_ARC = YES;
				CLANG_WARN_BOOL_CONVERSION = YES;
				CLANG_WARN_CONSTANT_CONVERSION = YES;
				CLANG_WARN_DIRECT_OBJC_ISA_USAGE = YES_ERROR;
				CLANG_WARN_EMPTY_BODY = YES;
				CLANG_WARN_ENUM_CONVERSION = YES;
				CLANG_WARN_INT_CONVERSION = YES;
				CLANG_WARN_OBJC_ROOT_CLASS = YES_ERROR;
				CLANG_WARN__DUPLICATE_METHOD_MATCH = YES;
				COMBINE_HIDPI_IMAGES = YES;
				COPY_PHASE_STRIP = NO;
				GCC_DYNAMIC_NO_PIC = NO;
				GCC_ENABLE_OBJC_EXCEPTIONS = YES;
				GCC_PRECOMPILE_PREFIX_HEADER = YES;
				GCC_PREFIX_HEADER = "Demo/Demo-Prefix.pch";
				GCC_PREPROCESSOR_DEFINITIONS = (
					"DEBUG=1",
					"$(inherited)",
				);
				GCC_SYMBOLS_PRIVATE_EXTERN = NO;
				GCC_WARN_64_TO_32_BIT_CONVERSION = YES;
				GCC_WARN_ABOUT_RETURN_TYPE = YES_ERROR;
				GCC_WARN_UNDECLARED_SELECTOR = YES;
				GCC_WARN_UNINITIALIZED_AUTOS = YES;
				GCC_WARN_UNUSED_FUNCTION = YES;
				INFOPLIST_FILE = "Demo/Demo-Info.plist";
				MACOSX_DEPLOYMENT_TARGET = 10.9;
				PRODUCT_NAME = "$(TARGET_NAME)";
				WRAPPER_EXTENSION = app;
			};
			name = Debug;
		};
		4235F9CF18757BE500F7B45D /* Release */ = {
			isa = XCBuildConfiguration;
			baseConfigurationReference = 2E3982EF5EA749E0B6D88D38 /* Pods-Demo.xcconfig */;
			buildSettings = {
				ALWAYS_SEARCH_USER_PATHS = NO;
				ASSETCATALOG_COMPILER_APPICON_NAME = AppIcon;
				CLANG_CXX_LANGUAGE_STANDARD = "gnu++0x";
				CLANG_CXX_LIBRARY = "libc++";
				CLANG_ENABLE_OBJC_ARC = YES;
				CLANG_WARN_BOOL_CONVERSION = YES;
				CLANG_WARN_CONSTANT_CONVERSION = YES;
				CLANG_WARN_DIRECT_OBJC_ISA_USAGE = YES_ERROR;
				CLANG_WARN_EMPTY_BODY = YES;
				CLANG_WARN_ENUM_CONVERSION = YES;
				CLANG_WARN_INT_CONVERSION = YES;
				CLANG_WARN_OBJC_ROOT_CLASS = YES_ERROR;
				CLANG_WARN__DUPLICATE_METHOD_MATCH = YES;
				COMBINE_HIDPI_IMAGES = YES;
				COPY_PHASE_STRIP = YES;
				DEBUG_INFORMATION_FORMAT = "dwarf-with-dsym";
				ENABLE_NS_ASSERTIONS = NO;
				GCC_ENABLE_OBJC_EXCEPTIONS = YES;
				GCC_PRECOMPILE_PREFIX_HEADER = YES;
				GCC_PREFIX_HEADER = "Demo/Demo-Prefix.pch";
				GCC_WARN_64_TO_32_BIT_CONVERSION = YES;
				GCC_WARN_ABOUT_RETURN_TYPE = YES_ERROR;
				GCC_WARN_UNDECLARED_SELECTOR = YES;
				GCC_WARN_UNINITIALIZED_AUTOS = YES;
				GCC_WARN_UNUSED_FUNCTION = YES;
				INFOPLIST_FILE = "Demo/Demo-Info.plist";
				MACOSX_DEPLOYMENT_TARGET = 10.9;
				PRODUCT_NAME = "$(TARGET_NAME)";
				WRAPPER_EXTENSION = app;
			};
			name = Release;
		};
/* End XCBuildConfiguration section */

/* Begin XCConfigurationList section */
		1DEB922208733DC00010E9CD /* Build configuration list for PBXProject "NewtonCommanderQuark" */ = {
			isa = XCConfigurationList;
			buildConfigurations = (
				1DEB922308733DC00010E9CD /* Debug */,
				1DEB922408733DC00010E9CD /* Release */,
			);
			defaultConfigurationIsVisible = 0;
			defaultConfigurationName = Release;
		};
		42120DC6186F17C800191CFC /* Build configuration list for PBXNativeTarget "Tests" */ = {
			isa = XCConfigurationList;
			buildConfigurations = (
				42120DC4186F17C800191CFC /* Debug */,
				42120DC5186F17C800191CFC /* Release */,
			);
			defaultConfigurationIsVisible = 0;
			defaultConfigurationName = Release;
		};
		4235F9CD18757BE500F7B45D /* Build configuration list for PBXNativeTarget "Demo" */ = {
			isa = XCConfigurationList;
			buildConfigurations = (
				4235F9CE18757BE500F7B45D /* Debug */,
				4235F9CF18757BE500F7B45D /* Release */,
			);
			defaultConfigurationIsVisible = 0;
			defaultConfigurationName = Release;
		};
/* End XCConfigurationList section */
	};
	rootObject = 0867D690FE84028FC02AAC07 /* Project object */;
}
